
Microsoft Visual Studio Solution File, Format Version 12.00
# Visual Studio 2012
Project("{FAE04EC0-301F-11D3-BF4B-00C04F79EFBC}") = "uBlogsy.Web.Mvc", "..\Source\uBlogsy.Web\uBlogsy.Web.Mvc.csproj", "{347DC923-8E49-44A3-82FA-6BDFBD424554}"
EndProject
Project("{FAE04EC0-301F-11D3-BF4B-00C04F79EFBC}") = "uBlogsy.BusinessLogic", "..\Source\uBlogsy.BusinessLogic\uBlogsy.BusinessLogic.csproj", "{6441BCE0-8C40-4F63-873B-5F0FDE52CC50}"
EndProject
Project("{FAE04EC0-301F-11D3-BF4B-00C04F79EFBC}") = "uBlogsy.Common", "..\Source\uBlogsy.Common\uBlogsy.Common.csproj", "{D5176D34-514A-44B2-B966-65FBBD27EB40}"
EndProject
Project("{FAE04EC0-301F-11D3-BF4B-00C04F79EFBC}") = "uBlogsy.Mvc.Parts", "..\Source\uBlogsy.Mvc.Parts\uBlogsy.Mvc.Parts.csproj", "{C3FCA819-2EB6-455C-9743-853266E47391}"
EndProject
Global
	GlobalSection(TestCaseManagementSettings) = postSolution
		CategoryFile = uBlogsy.vsmdi
	EndGlobalSection
	GlobalSection(SolutionConfigurationPlatforms) = preSolution
		Debug|Any CPU = Debug|Any CPU
		Release|Any CPU = Release|Any CPU
	EndGlobalSection
	GlobalSection(ProjectConfigurationPlatforms) = postSolution
		{347DC923-8E49-44A3-82FA-6BDFBD424554}.Debug|Any CPU.ActiveCfg = Debug|Any CPU
		{347DC923-8E49-44A3-82FA-6BDFBD424554}.Debug|Any CPU.Build.0 = Debug|Any CPU
		{347DC923-8E49-44A3-82FA-6BDFBD424554}.Release|Any CPU.ActiveCfg = Release|Any CPU
		{347DC923-8E49-44A3-82FA-6BDFBD424554}.Release|Any CPU.Build.0 = Release|Any CPU
		{6441BCE0-8C40-4F63-873B-5F0FDE52CC50}.Debug|Any CPU.ActiveCfg = Debug|Any CPU
		{6441BCE0-8C40-4F63-873B-5F0FDE52CC50}.Debug|Any CPU.Build.0 = Debug|Any CPU
		{6441BCE0-8C40-4F63-873B-5F0FDE52CC50}.Release|Any CPU.ActiveCfg = Release|Any CPU
		{6441BCE0-8C40-4F63-873B-5F0FDE52CC50}.Release|Any CPU.Build.0 = Release|Any CPU
		{D5176D34-514A-44B2-B966-65FBBD27EB40}.Debug|Any CPU.ActiveCfg = Debug|Any CPU
		{D5176D34-514A-44B2-B966-65FBBD27EB40}.Debug|Any CPU.Build.0 = Debug|Any CPU
		{D5176D34-514A-44B2-B966-65FBBD27EB40}.Release|Any CPU.ActiveCfg = Release|Any CPU
		{D5176D34-514A-44B2-B966-65FBBD27EB40}.Release|Any CPU.Build.0 = Release|Any CPU
		{C3FCA819-2EB6-455C-9743-853266E47391}.Debug|Any CPU.ActiveCfg = Debug|Any CPU
		{C3FCA819-2EB6-455C-9743-853266E47391}.Debug|Any CPU.Build.0 = Debug|Any CPU
		{C3FCA819-2EB6-455C-9743-853266E47391}.Release|Any CPU.ActiveCfg = Release|Any CPU
		{C3FCA819-2EB6-455C-9743-853266E47391}.Release|Any CPU.Build.0 = Release|Any CPU
	EndGlobalSection
	GlobalSection(SolutionProperties) = preSolution
		HideSolutionNode = FALSE
	EndGlobalSection
EndGlobal
